
Microsoft Visual Studio Solution File, Format Version 12.00
# Visual Studio Version 17
VisualStudioVersion = 17.14.36310.24
MinimumVisualStudioVersion = 10.0.40219.1
Project("{FAE04EC0-301F-11D3-BF4B-00C04F79EFBC}") = "MedChain_UI", "MedChain_UI\MedChain_UI.csproj", "{C8516A9A-4F49-4E4F-A8A5-5482F1B67868}"
EndProject
Project("{FAE04EC0-301F-11D3-BF4B-00C04F79EFBC}") = "MedChain_DAL", "MedChain_DAL\MedChain_DAL.csproj", "{03A26134-2B3E-4081-B205-A55359FE6B29}"
EndProject
Project("{FAE04EC0-301F-11D3-BF4B-00C04F79EFBC}") = "MedChain_BLL", "MedChain_BLL\MedChain_BLL.csproj", "{E16A7E03-4013-4BE3-9607-97F8E00F2EC1}"
EndProject
Project("{FAE04EC0-301F-11D3-BF4B-00C04F79EFBC}") = "MedChain_Models", "MedChain_Models\MedChain_Models.csproj", "{2F00DC91-6CAE-4456-AC7C-63C7B06FEF13}"
EndProject
Project("{FAE04EC0-301F-11D3-BF4B-00C04F79EFBC}") = "MedChain_SmartContracts", "MedChain_SmartContracts\MedChain_SmartContracts.csproj", "{CFF92ED9-B41F-4735-ABDE-20CF2DB7E974}"
EndProject
Global
	GlobalSection(SolutionConfigurationPlatforms) = preSolution
		Debug|Any CPU = Debug|Any CPU
		Release|Any CPU = Release|Any CPU
	EndGlobalSection
	GlobalSection(ProjectConfigurationPlatforms) = postSolution
		{C8516A9A-4F49-4E4F-A8A5-5482F1B67868}.Debug|Any CPU.ActiveCfg = Debug|Any CPU
		{C8516A9A-4F49-4E4F-A8A5-5482F1B67868}.Debug|Any CPU.Build.0 = Debug|Any CPU
		{C8516A9A-4F49-4E4F-A8A5-5482F1B67868}.Release|Any CPU.ActiveCfg = Release|Any CPU
		{C8516A9A-4F49-4E4F-A8A5-5482F1B67868}.Release|Any CPU.Build.0 = Release|Any CPU
		{03A26134-2B3E-4081-B205-A55359FE6B29}.Debug|Any CPU.ActiveCfg = Debug|Any CPU
		{03A26134-2B3E-4081-B205-A55359FE6B29}.Debug|Any CPU.Build.0 = Debug|Any CPU
		{03A26134-2B3E-4081-B205-A55359FE6B29}.Release|Any CPU.ActiveCfg = Release|Any CPU
		{03A26134-2B3E-4081-B205-A55359FE6B29}.Release|Any CPU.Build.0 = Release|Any CPU
		{E16A7E03-4013-4BE3-9607-97F8E00F2EC1}.Debug|Any CPU.ActiveCfg = Debug|Any CPU
		{E16A7E03-4013-4BE3-9607-97F8E00F2EC1}.Debug|Any CPU.Build.0 = Debug|Any CPU
		{E16A7E03-4013-4BE3-9607-97F8E00F2EC1}.Release|Any CPU.ActiveCfg = Release|Any CPU
		{E16A7E03-4013-4BE3-9607-97F8E00F2EC1}.Release|Any CPU.Build.0 = Release|Any CPU
		{2F00DC91-6CAE-4456-AC7C-63C7B06FEF13}.Debug|Any CPU.ActiveCfg = Debug|Any CPU
		{2F00DC91-6CAE-4456-AC7C-63C7B06FEF13}.Debug|Any CPU.Build.0 = Debug|Any CPU
		{2F00DC91-6CAE-4456-AC7C-63C7B06FEF13}.Release|Any CPU.ActiveCfg = Release|Any CPU
		{2F00DC91-6CAE-4456-AC7C-63C7B06FEF13}.Release|Any CPU.Build.0 = Release|Any CPU
		{CFF92ED9-B41F-4735-ABDE-20CF2DB7E974}.Debug|Any CPU.ActiveCfg = Debug|Any CPU
		{CFF92ED9-B41F-4735-ABDE-20CF2DB7E974}.Debug|Any CPU.Build.0 = Debug|Any CPU
		{CFF92ED9-B41F-4735-ABDE-20CF2DB7E974}.Release|Any CPU.ActiveCfg = Release|Any CPU
		{CFF92ED9-B41F-4735-ABDE-20CF2DB7E974}.Release|Any CPU.Build.0 = Release|Any CPU
	EndGlobalSection
	GlobalSection(SolutionProperties) = preSolution
		HideSolutionNode = FALSE
	EndGlobalSection
	GlobalSection(ExtensibilityGlobals) = postSolution
		SolutionGuid = {8E9542E3-AA65-4636-8A03-DE61FC90FC5B}
	EndGlobalSection
EndGlobal
